
Microsoft Visual Studio Solution File, Format Version 12.00
# Visual Studio Version 16
VisualStudioVersion = 16.0.30907.101
MinimumVisualStudioVersion = 10.0.40219.1
Project("{FAE04EC0-301F-11D3-BF4B-00C04F79EFBC}") = "rmsid2", "rmsid2\rmsid2.csproj", "{717536C8-F2B6-48AE-8981-726FAA2228E7}"
EndProject
Project("{54435603-DBB4-11D2-8724-00A0C9A8B90C}") = "rmsidsetup", "rmsidsetup\rmsidsetup.vdproj", "{E751E1B0-92D3-44A8-B58D-5471D7D89802}"
EndProject
Global
	GlobalSection(SolutionConfigurationPlatforms) = preSolution
		Debug|Any CPU = Debug|Any CPU
		Release|Any CPU = Release|Any CPU
	EndGlobalSection
	GlobalSection(ProjectConfigurationPlatforms) = postSolution
		{717536C8-F2B6-48AE-8981-726FAA2228E7}.Debug|Any CPU.ActiveCfg = Debug|Any CPU
		{717536C8-F2B6-48AE-8981-726FAA2228E7}.Debug|Any CPU.Build.0 = Debug|Any CPU
		{717536C8-F2B6-48AE-8981-726FAA2228E7}.Release|Any CPU.ActiveCfg = Release|Any CPU
		{717536C8-F2B6-48AE-8981-726FAA2228E7}.Release|Any CPU.Build.0 = Release|Any CPU
		{E751E1B0-92D3-44A8-B58D-5471D7D89802}.Debug|Any CPU.ActiveCfg = Debug
		{E751E1B0-92D3-44A8-B58D-5471D7D89802}.Release|Any CPU.ActiveCfg = Release
	EndGlobalSection
	GlobalSection(SolutionProperties) = preSolution
		HideSolutionNode = FALSE
	EndGlobalSection
	GlobalSection(ExtensibilityGlobals) = postSolution
		SolutionGuid = {E8558215-8540-4372-8047-BF4F6F0C086F}
	EndGlobalSection
EndGlobal
